
Microsoft Visual Studio Solution File, Format Version 12.00
# Visual Studio Version 17
VisualStudioVersion = 17.9.34622.214
MinimumVisualStudioVersion = 10.0.40219.1
Project("{FAE04EC0-301F-11D3-BF4B-00C04F79EFBC}") = "APIsistemaGestion", "APIsistemaGestion\APIsistemaGestion.csproj", "{F18729A2-89B8-4083-B493-78CF6C8A166E}"
EndProject
Global
	GlobalSection(SolutionConfigurationPlatforms) = preSolution
		Debug|Any CPU = Debug|Any CPU
		Release|Any CPU = Release|Any CPU
	EndGlobalSection
	GlobalSection(ProjectConfigurationPlatforms) = postSolution
		{F18729A2-89B8-4083-B493-78CF6C8A166E}.Debug|Any CPU.ActiveCfg = Debug|Any CPU
		{F18729A2-89B8-4083-B493-78CF6C8A166E}.Debug|Any CPU.Build.0 = Debug|Any CPU
		{F18729A2-89B8-4083-B493-78CF6C8A166E}.Release|Any CPU.ActiveCfg = Release|Any CPU
		{F18729A2-89B8-4083-B493-78CF6C8A166E}.Release|Any CPU.Build.0 = Release|Any CPU
	EndGlobalSection
	GlobalSection(SolutionProperties) = preSolution
		HideSolutionNode = FALSE
	EndGlobalSection
	GlobalSection(ExtensibilityGlobals) = postSolution
		SolutionGuid = {75CAA59F-00F0-4A44-8B4C-DA8FFD58723D}
	EndGlobalSection
EndGlobal
